{
  "pins" : [
    {
      "identity" : "wwdualcamera",
      "kind" : "remoteSourceControl",
      "location" : "https://github.com/William-Weng/WWDualCamera",
      "state" : {
        "revision" : "42de359a982d407c445899cf1203e5e3890c907d",
        "version" : "1.0.1"
      }
    }
  ],
  "version" : 2
}
