{
  "pins" : [
    {
      "identity" : "wwdualcamera",
      "kind" : "remoteSourceControl",
      "location" : "https://github.com/William-Weng/WWDualCamera",
      "state" : {
        "revision" : "30c70bcce1388c2ba1e873e1bea708487dd751f5",
        "version" : "1.0.3"
      }
    }
  ],
  "version" : 2
}
