{
  "pins" : [
    {
      "identity" : "wwdualcamera",
      "kind" : "remoteSourceControl",
      "location" : "https://github.com/William-Weng/WWDualCamera",
      "state" : {
        "revision" : "0bd0519babee627703256501fa3ff95fe175a4ea",
        "version" : "1.1.1"
      }
    }
  ],
  "version" : 2
}
